
Microsoft Visual Studio Solution File, Format Version 12.00
# Visual Studio Version 17
VisualStudioVersion = 17.10.35122.118
MinimumVisualStudioVersion = 10.0.40219.1
Project("{9A19103F-16F7-4668-BE54-9A1E7A4F7556}") = "APIGateway", "APIGateway\APIGateway.csproj", "{69434EB5-D888-40E1-A8D8-0E5E9EF5BE80}"
EndProject
Project("{FAE04EC0-301F-11D3-BF4B-00C04F79EFBC}") = "BoxManagementService", "BoxManagementService\BoxManagementService.csproj", "{DE606702-F201-47EC-BB6E-211E1B8A602C}"
EndProject
Project("{FAE04EC0-301F-11D3-BF4B-00C04F79EFBC}") = "OrderProcessingService", "OrderProcessingService\OrderProcessingService.csproj", "{BD64FCAD-EE45-4543-AE66-10FD441482CC}"
EndProject
Project("{FAE04EC0-301F-11D3-BF4B-00C04F79EFBC}") = "PackingAlgorithmService", "PackingAlgorithmService\PackingAlgorithmService.csproj", "{198E8938-A953-431D-9892-BB2A209B1E32}"
EndProject
Global
	GlobalSection(SolutionConfigurationPlatforms) = preSolution
		Debug|Any CPU = Debug|Any CPU
		Release|Any CPU = Release|Any CPU
	EndGlobalSection
	GlobalSection(ProjectConfigurationPlatforms) = postSolution
		{69434EB5-D888-40E1-A8D8-0E5E9EF5BE80}.Debug|Any CPU.ActiveCfg = Debug|Any CPU
		{69434EB5-D888-40E1-A8D8-0E5E9EF5BE80}.Debug|Any CPU.Build.0 = Debug|Any CPU
		{69434EB5-D888-40E1-A8D8-0E5E9EF5BE80}.Release|Any CPU.ActiveCfg = Release|Any CPU
		{69434EB5-D888-40E1-A8D8-0E5E9EF5BE80}.Release|Any CPU.Build.0 = Release|Any CPU
		{DE606702-F201-47EC-BB6E-211E1B8A602C}.Debug|Any CPU.ActiveCfg = Debug|Any CPU
		{DE606702-F201-47EC-BB6E-211E1B8A602C}.Debug|Any CPU.Build.0 = Debug|Any CPU
		{DE606702-F201-47EC-BB6E-211E1B8A602C}.Release|Any CPU.ActiveCfg = Release|Any CPU
		{DE606702-F201-47EC-BB6E-211E1B8A602C}.Release|Any CPU.Build.0 = Release|Any CPU
		{BD64FCAD-EE45-4543-AE66-10FD441482CC}.Debug|Any CPU.ActiveCfg = Debug|Any CPU
		{BD64FCAD-EE45-4543-AE66-10FD441482CC}.Debug|Any CPU.Build.0 = Debug|Any CPU
		{BD64FCAD-EE45-4543-AE66-10FD441482CC}.Release|Any CPU.ActiveCfg = Release|Any CPU
		{BD64FCAD-EE45-4543-AE66-10FD441482CC}.Release|Any CPU.Build.0 = Release|Any CPU
		{198E8938-A953-431D-9892-BB2A209B1E32}.Debug|Any CPU.ActiveCfg = Debug|Any CPU
		{198E8938-A953-431D-9892-BB2A209B1E32}.Debug|Any CPU.Build.0 = Debug|Any CPU
		{198E8938-A953-431D-9892-BB2A209B1E32}.Release|Any CPU.ActiveCfg = Release|Any CPU
		{198E8938-A953-431D-9892-BB2A209B1E32}.Release|Any CPU.Build.0 = Release|Any CPU
	EndGlobalSection
	GlobalSection(SolutionProperties) = preSolution
		HideSolutionNode = FALSE
	EndGlobalSection
	GlobalSection(ExtensibilityGlobals) = postSolution
		SolutionGuid = {03C74182-EAB4-4191-B4B8-F886E57FE733}
	EndGlobalSection
EndGlobal
